
Microsoft Visual Studio Solution File, Format Version 12.00
# Visual Studio Version 16
VisualStudioVersion = 16.0.30804.86
MinimumVisualStudioVersion = 10.0.40219.1
Project("{FAE04EC0-301F-11D3-BF4B-00C04F79EFBC}") = "DDDWinForm1", "DDDWinForm1\DDDWinForm1.csproj", "{919CFC42-0006-43BE-82F6-0A14C380658D}"
EndProject
Global
	GlobalSection(SolutionConfigurationPlatforms) = preSolution
		Debug|Any CPU = Debug|Any CPU
		Release|Any CPU = Release|Any CPU
	EndGlobalSection
	GlobalSection(ProjectConfigurationPlatforms) = postSolution
		{919CFC42-0006-43BE-82F6-0A14C380658D}.Debug|Any CPU.ActiveCfg = Debug|Any CPU
		{919CFC42-0006-43BE-82F6-0A14C380658D}.Debug|Any CPU.Build.0 = Debug|Any CPU
		{919CFC42-0006-43BE-82F6-0A14C380658D}.Release|Any CPU.ActiveCfg = Release|Any CPU
		{919CFC42-0006-43BE-82F6-0A14C380658D}.Release|Any CPU.Build.0 = Release|Any CPU
	EndGlobalSection
	GlobalSection(SolutionProperties) = preSolution
		HideSolutionNode = FALSE
	EndGlobalSection
	GlobalSection(ExtensibilityGlobals) = postSolution
		SolutionGuid = {A04E3FDB-ACE2-4E02-B775-F11A0AE04589}
	EndGlobalSection
EndGlobal
